
Microsoft Visual Studio Solution File, Format Version 12.00
Project("{FAE04EC0-301F-11D3-BF4B-00C04F79EFBC}") = "Coded.Core", "Coded.Core\Coded.Core.csproj", "{95AA5168-4AA8-49F3-9BCE-E9E27B474F94}"
EndProject
Project("{2150E333-8FDC-42A3-9474-1A3956D46DE8}") = "Tests", "Tests", "{D72C1679-E8E3-4518-AF74-85F6ED4142D1}"
EndProject
Project("{FAE04EC0-301F-11D3-BF4B-00C04F79EFBC}") = "Coded.Core.Test", "Coded.Core.Test\Coded.Core.Test.csproj", "{8E6B54EB-4596-4469-B209-0805A70E1B79}"
EndProject
Global
	GlobalSection(SolutionConfigurationPlatforms) = preSolution
		Debug|Any CPU = Debug|Any CPU
		Release|Any CPU = Release|Any CPU
	EndGlobalSection
	GlobalSection(ProjectConfigurationPlatforms) = postSolution
		{95AA5168-4AA8-49F3-9BCE-E9E27B474F94}.Debug|Any CPU.ActiveCfg = Debug|Any CPU
		{95AA5168-4AA8-49F3-9BCE-E9E27B474F94}.Debug|Any CPU.Build.0 = Debug|Any CPU
		{95AA5168-4AA8-49F3-9BCE-E9E27B474F94}.Release|Any CPU.ActiveCfg = Release|Any CPU
		{95AA5168-4AA8-49F3-9BCE-E9E27B474F94}.Release|Any CPU.Build.0 = Release|Any CPU
		{8E6B54EB-4596-4469-B209-0805A70E1B79}.Debug|Any CPU.ActiveCfg = Debug|Any CPU
		{8E6B54EB-4596-4469-B209-0805A70E1B79}.Debug|Any CPU.Build.0 = Debug|Any CPU
		{8E6B54EB-4596-4469-B209-0805A70E1B79}.Release|Any CPU.ActiveCfg = Release|Any CPU
		{8E6B54EB-4596-4469-B209-0805A70E1B79}.Release|Any CPU.Build.0 = Release|Any CPU
	EndGlobalSection
	GlobalSection(NestedProjects) = preSolution
		{8E6B54EB-4596-4469-B209-0805A70E1B79} = {D72C1679-E8E3-4518-AF74-85F6ED4142D1}
	EndGlobalSection
EndGlobal
